// !$*UTF8*$!
{
	archiveVersion = 1;
	classes = {
	};
	objectVersion = 77;
	objects = {

/* Begin PBXBuildFile section */
		7A10000B2FD0000000010001 /* KsuserBookKeepingWidget.appex in Embed App Extensions */ = {isa = PBXBuildFile; fileRef = 7A1000012FD0000000010001 /* KsuserBookKeepingWidget.appex */; settings = {ATTRIBUTES = (RemoveHeadersOnCopy, ); }; };
/* End PBXBuildFile section */

/* Begin PBXContainerItemProxy section */
		69E804032FC9CBCC002A4EC1 /* PBXContainerItemProxy */ = {
			isa = PBXContainerItemProxy;
			containerPortal = 69E803342FC9CBCC002A4EC1 /* Project object */;
			proxyType = 1;
			remoteGlobalIDString = 69E8033B2FC9CBCC002A4EC1;
			remoteInfo = KsuserBookKeepingIOS;
		};
		7A10000D2FD0000000010001 /* PBXContainerItemProxy */ = {
			isa = PBXContainerItemProxy;
			containerPortal = 69E803342FC9CBCC002A4EC1 /* Project object */;
			proxyType = 1;
			remoteGlobalIDString = 7A1000072FD0000000010001;
			remoteInfo = KsuserBookKeepingWidget;
		};
/* End PBXContainerItemProxy section */

/* Begin PBXCopyFilesBuildPhase section */
		7A10000C2FD0000000010001 /* Embed App Extensions */ = {
			isa = PBXCopyFilesBuildPhase;
			buildActionMask = 2147483647;
			dstPath = "";
			dstSubfolderSpec = 13;
			files = (
				7A10000B2FD0000000010001 /* KsuserBookKeepingWidget.appex in Embed App Extensions */,
			);
			name = "Embed App Extensions";
			runOnlyForDeploymentPostprocessing = 0;
		};
/* End PBXCopyFilesBuildPhase section */

/* Begin PBXFileReference section */
		69E8033C2FC9CBCC002A4EC1 /* KsuserBookKeepingIOS.app */ = {isa = PBXFileReference; explicitFileType = wrapper.application; includeInIndex = 0; path = KsuserBookKeepingIOS.app; sourceTree = BUILT_PRODUCTS_DIR; };
		69E804002FC9CBCC002A4EC1 /* KsuserBookKeepingIOSTests.xctest */ = {isa = PBXFileReference; explicitFileType = wrapper.cfbundle; includeInIndex = 0; path = KsuserBookKeepingIOSTests.xctest; sourceTree = BUILT_PRODUCTS_DIR; };
		7A1000012FD0000000010001 /* KsuserBookKeepingWidget.appex */ = {isa = PBXFileReference; explicitFileType = "wrapper.app-extension"; includeInIndex = 0; path = KsuserBookKeepingWidget.appex; sourceTree = BUILT_PRODUCTS_DIR; };
		7A10000F2FD0000000010001 /* KsuserBookKeepingWidget-Info.plist */ = {isa = PBXFileReference; lastKnownFileType = text.plist.xml; path = "KsuserBookKeepingWidget-Info.plist"; sourceTree = "<group>"; };
/* End PBXFileReference section */

/* Begin PBXFileSystemSynchronizedRootGroup section */
		69E8033E2FC9CBCC002A4EC1 /* KsuserBookKeepingIOS */ = {
			isa = PBXFileSystemSynchronizedRootGroup;
			path = KsuserBookKeepingIOS;
			sourceTree = "<group>";
		};
		69E804012FC9CBCC002A4EC1 /* KsuserBookKeepingIOSTests */ = {
			isa = PBXFileSystemSynchronizedRootGroup;
			path = KsuserBookKeepingIOSTests;
			sourceTree = "<group>";
		};
		7A1000022FD0000000010001 /* KsuserBookKeepingWidget */ = {
			isa = PBXFileSystemSynchronizedRootGroup;
			path = KsuserBookKeepingWidget;
			sourceTree = "<group>";
		};
		7A1000032FD0000000010001 /* SharedWidget */ = {
			isa = PBXFileSystemSynchronizedRootGroup;
			path = SharedWidget;
			sourceTree = "<group>";
		};
/* End PBXFileSystemSynchronizedRootGroup section */

/* Begin PBXFrameworksBuildPhase section */
		69E803392FC9CBCC002A4EC1 /* Frameworks */ = {
			isa = PBXFrameworksBuildPhase;
			buildActionMask = 2147483647;
			files = (
			);
			runOnlyForDeploymentPostprocessing = 0;
		};
		69E804052FC9CBCC002A4EC1 /* Frameworks */ = {
			isa = PBXFrameworksBuildPhase;
			buildActionMask = 2147483647;
			files = (
			);
			runOnlyForDeploymentPostprocessing = 0;
		};
		7A1000052FD0000000010001 /* Frameworks */ = {
			isa = PBXFrameworksBuildPhase;
			buildActionMask = 2147483647;
			files = (
			);
			runOnlyForDeploymentPostprocessing = 0;
		};
/* End PBXFrameworksBuildPhase section */

/* Begin PBXGroup section */
		69E803332FC9CBCC002A4EC1 = {
			isa = PBXGroup;
			children = (
				69E8033E2FC9CBCC002A4EC1 /* KsuserBookKeepingIOS */,
				69E804012FC9CBCC002A4EC1 /* KsuserBookKeepingIOSTests */,
				7A1000022FD0000000010001 /* KsuserBookKeepingWidget */,
				7A1000032FD0000000010001 /* SharedWidget */,
				7A1000102FD0000000010001 /* Config */,
				69E8033D2FC9CBCC002A4EC1 /* Products */,
			);
			sourceTree = "<group>";
		};
		69E8033D2FC9CBCC002A4EC1 /* Products */ = {
			isa = PBXGroup;
			children = (
				69E8033C2FC9CBCC002A4EC1 /* KsuserBookKeepingIOS.app */,
				69E804002FC9CBCC002A4EC1 /* KsuserBookKeepingIOSTests.xctest */,
				7A1000012FD0000000010001 /* KsuserBookKeepingWidget.appex */,
			);
			name = Products;
			sourceTree = "<group>";
		};
		7A1000102FD0000000010001 /* Config */ = {
			isa = PBXGroup;
			children = (
				7A10000F2FD0000000010001 /* KsuserBookKeepingWidget-Info.plist */,
			);
			path = Config;
			sourceTree = "<group>";
		};
/* End PBXGroup section */

/* Begin PBXNativeTarget section */
		69E8033B2FC9CBCC002A4EC1 /* KsuserBookKeepingIOS */ = {
			isa = PBXNativeTarget;
			buildConfigurationList = 69E803472FC9CBCD002A4EC1 /* Build configuration list for PBXNativeTarget "KsuserBookKeepingIOS" */;
			buildPhases = (
				69E803382FC9CBCC002A4EC1 /* Sources */,
				69E803392FC9CBCC002A4EC1 /* Frameworks */,
				69E8033A2FC9CBCC002A4EC1 /* Resources */,
				7A10000C2FD0000000010001 /* Embed App Extensions */,
			);
			buildRules = (
			);
			dependencies = (
				7A10000E2FD0000000010001 /* PBXTargetDependency */,
			);
			fileSystemSynchronizedGroups = (
				69E8033E2FC9CBCC002A4EC1 /* KsuserBookKeepingIOS */,
				7A1000032FD0000000010001 /* SharedWidget */,
			);
			name = KsuserBookKeepingIOS;
			packageProductDependencies = (
			);
			productName = KsuserBookKeepingIOS;
			productReference = 69E8033C2FC9CBCC002A4EC1 /* KsuserBookKeepingIOS.app */;
			productType = "com.apple.product-type.application";
		};
		69E804022FC9CBCC002A4EC1 /* KsuserBookKeepingIOSTests */ = {
			isa = PBXNativeTarget;
			buildConfigurationList = 69E804082FC9CBCC002A4EC1 /* Build configuration list for PBXNativeTarget "KsuserBookKeepingIOSTests" */;
			buildPhases = (
				69E804042FC9CBCC002A4EC1 /* Sources */,
				69E804052FC9CBCC002A4EC1 /* Frameworks */,
				69E804062FC9CBCC002A4EC1 /* Resources */,
			);
			buildRules = (
			);
			dependencies = (
				69E804072FC9CBCC002A4EC1 /* PBXTargetDependency */,
			);
			fileSystemSynchronizedGroups = (
				69E804012FC9CBCC002A4EC1 /* KsuserBookKeepingIOSTests */,
			);
			name = KsuserBookKeepingIOSTests;
			packageProductDependencies = (
			);
			productName = KsuserBookKeepingIOSTests;
			productReference = 69E804002FC9CBCC002A4EC1 /* KsuserBookKeepingIOSTests.xctest */;
			productType = "com.apple.product-type.bundle.unit-test";
		};
		7A1000072FD0000000010001 /* KsuserBookKeepingWidget */ = {
			isa = PBXNativeTarget;
			buildConfigurationList = 7A1000082FD0000000010001 /* Build configuration list for PBXNativeTarget "KsuserBookKeepingWidget" */;
			buildPhases = (
				7A1000042FD0000000010001 /* Sources */,
				7A1000052FD0000000010001 /* Frameworks */,
				7A1000062FD0000000010001 /* Resources */,
			);
			buildRules = (
			);
			dependencies = (
			);
			fileSystemSynchronizedGroups = (
				7A1000022FD0000000010001 /* KsuserBookKeepingWidget */,
				7A1000032FD0000000010001 /* SharedWidget */,
			);
			name = KsuserBookKeepingWidget;
			packageProductDependencies = (
			);
			productName = KsuserBookKeepingWidget;
			productReference = 7A1000012FD0000000010001 /* KsuserBookKeepingWidget.appex */;
			productType = "com.apple.product-type.app-extension";
		};
/* End PBXNativeTarget section */

/* Begin PBXProject section */
		69E803342FC9CBCC002A4EC1 /* Project object */ = {
			isa = PBXProject;
			attributes = {
				BuildIndependentTargetsInParallel = 1;
				LastSwiftUpdateCheck = 2650;
				LastUpgradeCheck = 2650;
				TargetAttributes = {
				69E8033B2FC9CBCC002A4EC1 = {
					CreatedOnToolsVersion = 26.5;
					SystemCapabilities = {
						com.apple.ApplicationGroups.iOS = {
								enabled = 1;
						};
					};
				};
				69E804022FC9CBCC002A4EC1 = {
					CreatedOnToolsVersion = 26.5;
					TestTargetID = 69E8033B2FC9CBCC002A4EC1;
				};
				7A1000072FD0000000010001 = {
					CreatedOnToolsVersion = 26.5;
					SystemCapabilities = {
							com.apple.ApplicationGroups.iOS = {
								enabled = 1;
							};
						};
					};
				};
			};
			buildConfigurationList = 69E803372FC9CBCC002A4EC1 /* Build configuration list for PBXProject "KsuserBookKeepingIOS" */;
			developmentRegion = en;
			hasScannedForEncodings = 0;
			knownRegions = (
				en,
				Base,
				"zh-Hans",
			);
			mainGroup = 69E803332FC9CBCC002A4EC1;
			minimizedProjectReferenceProxies = 1;
			preferredProjectObjectVersion = 77;
			productRefGroup = 69E8033D2FC9CBCC002A4EC1 /* Products */;
			projectDirPath = "";
			projectRoot = "";
			targets = (
				69E8033B2FC9CBCC002A4EC1 /* KsuserBookKeepingIOS */,
				69E804022FC9CBCC002A4EC1 /* KsuserBookKeepingIOSTests */,
				7A1000072FD0000000010001 /* KsuserBookKeepingWidget */,
			);
		};
/* End PBXProject section */

/* Begin PBXResourcesBuildPhase section */
		69E8033A2FC9CBCC002A4EC1 /* Resources */ = {
			isa = PBXResourcesBuildPhase;
			buildActionMask = 2147483647;
			files = (
			);
			runOnlyForDeploymentPostprocessing = 0;
		};
		69E804062FC9CBCC002A4EC1 /* Resources */ = {
			isa = PBXResourcesBuildPhase;
			buildActionMask = 2147483647;
			files = (
			);
			runOnlyForDeploymentPostprocessing = 0;
		};
		7A1000062FD0000000010001 /* Resources */ = {
			isa = PBXResourcesBuildPhase;
			buildActionMask = 2147483647;
			files = (
			);
			runOnlyForDeploymentPostprocessing = 0;
		};
/* End PBXResourcesBuildPhase section */

/* Begin PBXSourcesBuildPhase section */
		69E803382FC9CBCC002A4EC1 /* Sources */ = {
			isa = PBXSourcesBuildPhase;
			buildActionMask = 2147483647;
			files = (
			);
			runOnlyForDeploymentPostprocessing = 0;
		};
		69E804042FC9CBCC002A4EC1 /* Sources */ = {
			isa = PBXSourcesBuildPhase;
			buildActionMask = 2147483647;
			files = (
			);
			runOnlyForDeploymentPostprocessing = 0;
		};
		7A1000042FD0000000010001 /* Sources */ = {
			isa = PBXSourcesBuildPhase;
			buildActionMask = 2147483647;
			files = (
			);
			runOnlyForDeploymentPostprocessing = 0;
		};
/* End PBXSourcesBuildPhase section */

/* Begin PBXTargetDependency section */
		69E804072FC9CBCC002A4EC1 /* PBXTargetDependency */ = {
			isa = PBXTargetDependency;
			target = 69E8033B2FC9CBCC002A4EC1 /* KsuserBookKeepingIOS */;
			targetProxy = 69E804032FC9CBCC002A4EC1 /* PBXContainerItemProxy */;
		};
		7A10000E2FD0000000010001 /* PBXTargetDependency */ = {
			isa = PBXTargetDependency;
			target = 7A1000072FD0000000010001 /* KsuserBookKeepingWidget */;
			targetProxy = 7A10000D2FD0000000010001 /* PBXContainerItemProxy */;
		};
/* End PBXTargetDependency section */

/* Begin XCBuildConfiguration section */
		69E803452FC9CBCD002A4EC1 /* Debug */ = {
			isa = XCBuildConfiguration;
			buildSettings = {
				ALWAYS_SEARCH_USER_PATHS = NO;
				ASSETCATALOG_COMPILER_GENERATE_SWIFT_ASSET_SYMBOL_EXTENSIONS = YES;
				CLANG_ANALYZER_NONNULL = YES;
				CLANG_ANALYZER_NUMBER_OBJECT_CONVERSION = YES_AGGRESSIVE;
				CLANG_CXX_LANGUAGE_STANDARD = "gnu++20";
				CLANG_ENABLE_MODULES = YES;
				CLANG_ENABLE_OBJC_ARC = YES;
				CLANG_ENABLE_OBJC_WEAK = YES;
				CLANG_WARN_BLOCK_CAPTURE_AUTORELEASING = YES;
				CLANG_WARN_BOOL_CONVERSION = YES;
				CLANG_WARN_COMMA = YES;
				CLANG_WARN_CONSTANT_CONVERSION = YES;
				CLANG_WARN_DEPRECATED_OBJC_IMPLEMENTATIONS = YES;
				CLANG_WARN_DIRECT_OBJC_ISA_USAGE = YES_ERROR;
				CLANG_WARN_DOCUMENTATION_COMMENTS = YES;
				CLANG_WARN_EMPTY_BODY = YES;
				CLANG_WARN_ENUM_CONVERSION = YES;
				CLANG_WARN_INFINITE_RECURSION = YES;
				CLANG_WARN_INT_CONVERSION = YES;
				CLANG_WARN_NON_LITERAL_NULL_CONVERSION = YES;
				CLANG_WARN_OBJC_IMPLICIT_RETAIN_SELF = YES;
				CLANG_WARN_OBJC_LITERAL_CONVERSION = YES;
				CLANG_WARN_OBJC_ROOT_CLASS = YES_ERROR;
				CLANG_WARN_QUOTED_INCLUDE_IN_FRAMEWORK_HEADER = YES;
				CLANG_WARN_RANGE_LOOP_ANALYSIS = YES;
				CLANG_WARN_STRICT_PROTOTYPES = YES;
				CLANG_WARN_SUSPICIOUS_MOVE = YES;
				CLANG_WARN_UNGUARDED_AVAILABILITY = YES_AGGRESSIVE;
				CLANG_WARN_UNREACHABLE_CODE = YES;
				CLANG_WARN__DUPLICATE_METHOD_MATCH = YES;
				COPY_PHASE_STRIP = NO;
				DEBUG_INFORMATION_FORMAT = dwarf;
				DEVELOPMENT_TEAM = 8LDARH2S3X;
				ENABLE_STRICT_OBJC_MSGSEND = YES;
				ENABLE_TESTABILITY = YES;
				ENABLE_USER_SCRIPT_SANDBOXING = YES;
				GCC_C_LANGUAGE_STANDARD = gnu17;
				GCC_DYNAMIC_NO_PIC = NO;
				GCC_NO_COMMON_BLOCKS = YES;
				GCC_OPTIMIZATION_LEVEL = 0;
				GCC_PREPROCESSOR_DEFINITIONS = (
					"DEBUG=1",
					"$(inherited)",
				);
				GCC_WARN_64_TO_32_BIT_CONVERSION = YES;
				GCC_WARN_ABOUT_RETURN_TYPE = YES_ERROR;
				GCC_WARN_UNDECLARED_SELECTOR = YES;
				GCC_WARN_UNINITIALIZED_AUTOS = YES_AGGRESSIVE;
				GCC_WARN_UNUSED_FUNCTION = YES;
				GCC_WARN_UNUSED_VARIABLE = YES;
				IPHONEOS_DEPLOYMENT_TARGET = 26.5;
				LOCALIZATION_PREFERS_STRING_CATALOGS = YES;
				MTL_ENABLE_DEBUG_INFO = INCLUDE_SOURCE;
				MTL_FAST_MATH = YES;
				ONLY_ACTIVE_ARCH = YES;
				SDKROOT = iphoneos;
				SWIFT_ACTIVE_COMPILATION_CONDITIONS = "DEBUG $(inherited)";
				SWIFT_OPTIMIZATION_LEVEL = "-Onone";
			};
			name = Debug;
		};
		69E803462FC9CBCD002A4EC1 /* Release */ = {
			isa = XCBuildConfiguration;
			buildSettings = {
				ALWAYS_SEARCH_USER_PATHS = NO;
				ASSETCATALOG_COMPILER_GENERATE_SWIFT_ASSET_SYMBOL_EXTENSIONS = YES;
				CLANG_ANALYZER_NONNULL = YES;
				CLANG_ANALYZER_NUMBER_OBJECT_CONVERSION = YES_AGGRESSIVE;
				CLANG_CXX_LANGUAGE_STANDARD = "gnu++20";
				CLANG_ENABLE_MODULES = YES;
				CLANG_ENABLE_OBJC_ARC = YES;
				CLANG_ENABLE_OBJC_WEAK = YES;
				CLANG_WARN_BLOCK_CAPTURE_AUTORELEASING = YES;
				CLANG_WARN_BOOL_CONVERSION = YES;
				CLANG_WARN_COMMA = YES;
				CLANG_WARN_CONSTANT_CONVERSION = YES;
				CLANG_WARN_DEPRECATED_OBJC_IMPLEMENTATIONS = YES;
				CLANG_WARN_DIRECT_OBJC_ISA_USAGE = YES_ERROR;
				CLANG_WARN_DOCUMENTATION_COMMENTS = YES;
				CLANG_WARN_EMPTY_BODY = YES;
				CLANG_WARN_ENUM_CONVERSION = YES;
				CLANG_WARN_INFINITE_RECURSION = YES;
				CLANG_WARN_INT_CONVERSION = YES;
				CLANG_WARN_NON_LITERAL_NULL_CONVERSION = YES;
				CLANG_WARN_OBJC_IMPLICIT_RETAIN_SELF = YES;
				CLANG_WARN_OBJC_LITERAL_CONVERSION = YES;
				CLANG_WARN_OBJC_ROOT_CLASS = YES_ERROR;
				CLANG_WARN_QUOTED_INCLUDE_IN_FRAMEWORK_HEADER = YES;
				CLANG_WARN_RANGE_LOOP_ANALYSIS = YES;
				CLANG_WARN_STRICT_PROTOTYPES = YES;
				CLANG_WARN_SUSPICIOUS_MOVE = YES;
				CLANG_WARN_UNGUARDED_AVAILABILITY = YES_AGGRESSIVE;
				CLANG_WARN_UNREACHABLE_CODE = YES;
				CLANG_WARN__DUPLICATE_METHOD_MATCH = YES;
				COPY_PHASE_STRIP = NO;
				DEBUG_INFORMATION_FORMAT = "dwarf-with-dsym";
				DEVELOPMENT_TEAM = 8LDARH2S3X;
				ENABLE_NS_ASSERTIONS = NO;
				ENABLE_STRICT_OBJC_MSGSEND = YES;
				ENABLE_USER_SCRIPT_SANDBOXING = YES;
				GCC_C_LANGUAGE_STANDARD = gnu17;
				GCC_NO_COMMON_BLOCKS = YES;
				GCC_WARN_64_TO_32_BIT_CONVERSION = YES;
				GCC_WARN_ABOUT_RETURN_TYPE = YES_ERROR;
				GCC_WARN_UNDECLARED_SELECTOR = YES;
				GCC_WARN_UNINITIALIZED_AUTOS = YES_AGGRESSIVE;
				GCC_WARN_UNUSED_FUNCTION = YES;
				GCC_WARN_UNUSED_VARIABLE = YES;
				IPHONEOS_DEPLOYMENT_TARGET = 26.5;
				LOCALIZATION_PREFERS_STRING_CATALOGS = YES;
				MTL_ENABLE_DEBUG_INFO = NO;
				MTL_FAST_MATH = YES;
				SDKROOT = iphoneos;
				SWIFT_COMPILATION_MODE = wholemodule;
				VALIDATE_PRODUCT = YES;
			};
			name = Release;
		};
		69E803482FC9CBCD002A4EC1 /* Debug */ = {
			isa = XCBuildConfiguration;
			buildSettings = {
				ASSETCATALOG_COMPILER_APPICON_NAME = AppIcon;
				ASSETCATALOG_COMPILER_GLOBAL_ACCENT_COLOR_NAME = AccentColor;
				CODE_SIGN_ENTITLEMENTS = KsuserBookKeepingIOS/KsuserBookKeepingIOS.entitlements;
				CODE_SIGN_STYLE = Automatic;
				CURRENT_PROJECT_VERSION = 3;
				DEVELOPMENT_TEAM = 8LDARH2S3X;
				ENABLE_PREVIEWS = YES;
				GENERATE_INFOPLIST_FILE = YES;
				INFOPLIST_KEY_CFBundleDisplayName = "羊阳记账";
				INFOPLIST_KEY_CFBundleURLTypes = "{\n    CFBundleURLName = \"cn.ksuser.bookkeeping.KsuserBookKeepingIOS\";\n    CFBundleURLSchemes =     (\n        kkbookkeep\n    );\n}";
				INFOPLIST_KEY_LSApplicationCategoryType = "public.app-category.finance";
				INFOPLIST_KEY_LSApplicationQueriesSchemes = iosamap;
				INFOPLIST_KEY_NSFaceIDUsageDescription = "用于解锁羊羊记账。";
				INFOPLIST_KEY_NSLocationWhenInUseUsageDescription = "用于在用户主动记账时录入当前位置。";
				INFOPLIST_KEY_NSSupportsLiveActivities = YES;
				INFOPLIST_KEY_UIAppFonts = "FontAwesome7Free-Solid-900.otf FontAwesome7Brands-Regular-400.otf";
				INFOPLIST_KEY_UIApplicationSceneManifest_Generation = YES;
				INFOPLIST_KEY_UIApplicationSupportsIndirectInputEvents = YES;
				INFOPLIST_KEY_UILaunchScreen_Generation = YES;
				INFOPLIST_KEY_UIStatusBarStyle = "";
				INFOPLIST_KEY_UISupportedInterfaceOrientations_iPad = "UIInterfaceOrientationPortrait UIInterfaceOrientationPortraitUpsideDown UIInterfaceOrientationLandscapeLeft UIInterfaceOrientationLandscapeRight";
				INFOPLIST_KEY_UISupportedInterfaceOrientations_iPhone = "UIInterfaceOrientationPortrait UIInterfaceOrientationLandscapeLeft UIInterfaceOrientationLandscapeRight";
				IPHONEOS_DEPLOYMENT_TARGET = 18.6;
				LD_RUNPATH_SEARCH_PATHS = (
					"$(inherited)",
					"@executable_path/Frameworks",
				);
				MARKETING_VERSION = 1.0;
				PRODUCT_BUNDLE_IDENTIFIER = cn.ksuser.bookkeeping.kkbookkeep;
				PRODUCT_NAME = "$(TARGET_NAME)";
				STRING_CATALOG_GENERATE_SYMBOLS = YES;
				SWIFT_APPROACHABLE_CONCURRENCY = YES;
				SWIFT_DEFAULT_ACTOR_ISOLATION = MainActor;
				SWIFT_EMIT_LOC_STRINGS = YES;
				SWIFT_UPCOMING_FEATURE_MEMBER_IMPORT_VISIBILITY = YES;
				SWIFT_VERSION = 5.0;
				TARGETED_DEVICE_FAMILY = "1,2";
			};
			name = Debug;
		};
		69E803492FC9CBCD002A4EC1 /* Release */ = {
			isa = XCBuildConfiguration;
			buildSettings = {
				ASSETCATALOG_COMPILER_APPICON_NAME = AppIcon;
				ASSETCATALOG_COMPILER_GLOBAL_ACCENT_COLOR_NAME = AccentColor;
				CODE_SIGN_ENTITLEMENTS = KsuserBookKeepingIOS/KsuserBookKeepingIOSRelease.entitlements;
				CODE_SIGN_STYLE = Automatic;
				CURRENT_PROJECT_VERSION = 3;
				DEVELOPMENT_TEAM = 8LDARH2S3X;
				ENABLE_PREVIEWS = YES;
				GENERATE_INFOPLIST_FILE = YES;
				INFOPLIST_KEY_CFBundleDisplayName = "羊阳记账";
				INFOPLIST_KEY_CFBundleURLTypes = "{\n    CFBundleURLName = \"cn.ksuser.bookkeeping.KsuserBookKeepingIOS\";\n    CFBundleURLSchemes =     (\n        kkbookkeep\n    );\n}";
				INFOPLIST_KEY_LSApplicationCategoryType = "public.app-category.finance";
				INFOPLIST_KEY_LSApplicationQueriesSchemes = iosamap;
				INFOPLIST_KEY_NSFaceIDUsageDescription = "用于解锁羊羊记账。";
				INFOPLIST_KEY_NSLocationWhenInUseUsageDescription = "用于在用户主动记账时录入当前位置。";
				INFOPLIST_KEY_NSSupportsLiveActivities = YES;
				INFOPLIST_KEY_UIAppFonts = "FontAwesome7Free-Solid-900.otf FontAwesome7Brands-Regular-400.otf";
				INFOPLIST_KEY_UIApplicationSceneManifest_Generation = YES;
				INFOPLIST_KEY_UIApplicationSupportsIndirectInputEvents = YES;
				INFOPLIST_KEY_UILaunchScreen_Generation = YES;
				INFOPLIST_KEY_UIStatusBarStyle = "";
				INFOPLIST_KEY_UISupportedInterfaceOrientations_iPad = "UIInterfaceOrientationPortrait UIInterfaceOrientationPortraitUpsideDown UIInterfaceOrientationLandscapeLeft UIInterfaceOrientationLandscapeRight";
				INFOPLIST_KEY_UISupportedInterfaceOrientations_iPhone = "UIInterfaceOrientationPortrait UIInterfaceOrientationLandscapeLeft UIInterfaceOrientationLandscapeRight";
				IPHONEOS_DEPLOYMENT_TARGET = 18.6;
				LD_RUNPATH_SEARCH_PATHS = (
					"$(inherited)",
					"@executable_path/Frameworks",
				);
				MARKETING_VERSION = 1.0;
				PRODUCT_BUNDLE_IDENTIFIER = cn.ksuser.bookkeeping.kkbookkeep;
				PRODUCT_NAME = "$(TARGET_NAME)";
				STRING_CATALOG_GENERATE_SYMBOLS = YES;
				SWIFT_APPROACHABLE_CONCURRENCY = YES;
				SWIFT_DEFAULT_ACTOR_ISOLATION = MainActor;
				SWIFT_EMIT_LOC_STRINGS = YES;
				SWIFT_UPCOMING_FEATURE_MEMBER_IMPORT_VISIBILITY = YES;
				SWIFT_VERSION = 5.0;
				TARGETED_DEVICE_FAMILY = "1,2";
			};
			name = Release;
		};
		69E804092FC9CBCC002A4EC1 /* Debug */ = {
			isa = XCBuildConfiguration;
			buildSettings = {
				BUNDLE_LOADER = "$(TEST_HOST)";
				CODE_SIGN_STYLE = Automatic;
				CURRENT_PROJECT_VERSION = 1;
				DEVELOPMENT_TEAM = 8LDARH2S3X;
				GENERATE_INFOPLIST_FILE = YES;
				IPHONEOS_DEPLOYMENT_TARGET = 18.6;
				LD_RUNPATH_SEARCH_PATHS = (
					"$(inherited)",
					"@executable_path/Frameworks",
					"@loader_path/Frameworks",
				);
				MARKETING_VERSION = 1.0;
				PRODUCT_BUNDLE_IDENTIFIER = cn.ksuser.bookkeeping.kkbookkeep.tests;
				PRODUCT_NAME = "$(TARGET_NAME)";
				SWIFT_APPROACHABLE_CONCURRENCY = YES;
				SWIFT_DEFAULT_ACTOR_ISOLATION = MainActor;
				SWIFT_EMIT_LOC_STRINGS = NO;
				SWIFT_UPCOMING_FEATURE_MEMBER_IMPORT_VISIBILITY = YES;
				SWIFT_VERSION = 5.0;
				TARGETED_DEVICE_FAMILY = "1,2";
				TEST_HOST = "$(BUILT_PRODUCTS_DIR)/KsuserBookKeepingIOS.app/$(BUNDLE_EXECUTABLE_FOLDER_PATH)/KsuserBookKeepingIOS";
			};
			name = Debug;
		};
		69E8040A2FC9CBCC002A4EC1 /* Release */ = {
			isa = XCBuildConfiguration;
			buildSettings = {
				BUNDLE_LOADER = "$(TEST_HOST)";
				CODE_SIGN_STYLE = Automatic;
				CURRENT_PROJECT_VERSION = 1;
				DEVELOPMENT_TEAM = 8LDARH2S3X;
				GENERATE_INFOPLIST_FILE = YES;
				IPHONEOS_DEPLOYMENT_TARGET = 18.6;
				LD_RUNPATH_SEARCH_PATHS = (
					"$(inherited)",
					"@executable_path/Frameworks",
					"@loader_path/Frameworks",
				);
				MARKETING_VERSION = 1.0;
				PRODUCT_BUNDLE_IDENTIFIER = cn.ksuser.bookkeeping.kkbookkeep.tests;
				PRODUCT_NAME = "$(TARGET_NAME)";
				SWIFT_APPROACHABLE_CONCURRENCY = YES;
				SWIFT_DEFAULT_ACTOR_ISOLATION = MainActor;
				SWIFT_EMIT_LOC_STRINGS = NO;
				SWIFT_UPCOMING_FEATURE_MEMBER_IMPORT_VISIBILITY = YES;
				SWIFT_VERSION = 5.0;
				TARGETED_DEVICE_FAMILY = "1,2";
				TEST_HOST = "$(BUILT_PRODUCTS_DIR)/KsuserBookKeepingIOS.app/$(BUNDLE_EXECUTABLE_FOLDER_PATH)/KsuserBookKeepingIOS";
			};
			name = Release;
		};
		7A1000092FD0000000010001 /* Debug */ = {
			isa = XCBuildConfiguration;
			buildSettings = {
				APPLICATION_EXTENSION_API_ONLY = YES;
				CODE_SIGN_ENTITLEMENTS = KsuserBookKeepingWidget/KsuserBookKeepingWidget.entitlements;
				CODE_SIGN_STYLE = Automatic;
				CURRENT_PROJECT_VERSION = 1;
				DEVELOPMENT_TEAM = 8LDARH2S3X;
				ENABLE_PREVIEWS = YES;
				GENERATE_INFOPLIST_FILE = NO;
				INFOPLIST_FILE = "Config/KsuserBookKeepingWidget-Info.plist";
				IPHONEOS_DEPLOYMENT_TARGET = 26.5;
				LD_RUNPATH_SEARCH_PATHS = (
					"$(inherited)",
					"@executable_path/Frameworks",
					"@executable_path/../../Frameworks",
				);
				MARKETING_VERSION = 1.0;
				PRODUCT_BUNDLE_IDENTIFIER = cn.ksuser.bookkeeping.kkbookkeep.widget;
				PRODUCT_NAME = "$(TARGET_NAME)";
				SKIP_INSTALL = YES;
				STRING_CATALOG_GENERATE_SYMBOLS = YES;
				SWIFT_APPROACHABLE_CONCURRENCY = YES;
				SWIFT_EMIT_LOC_STRINGS = YES;
				SWIFT_UPCOMING_FEATURE_MEMBER_IMPORT_VISIBILITY = YES;
				SWIFT_VERSION = 5.0;
				TARGETED_DEVICE_FAMILY = "1,2";
			};
			name = Debug;
		};
		7A10000A2FD0000000010001 /* Release */ = {
			isa = XCBuildConfiguration;
			buildSettings = {
				APPLICATION_EXTENSION_API_ONLY = YES;
				CODE_SIGN_ENTITLEMENTS = KsuserBookKeepingWidget/KsuserBookKeepingWidget.entitlements;
				CODE_SIGN_STYLE = Automatic;
				CURRENT_PROJECT_VERSION = 1;
				DEVELOPMENT_TEAM = 8LDARH2S3X;
				ENABLE_PREVIEWS = YES;
				GENERATE_INFOPLIST_FILE = NO;
				INFOPLIST_FILE = "Config/KsuserBookKeepingWidget-Info.plist";
				IPHONEOS_DEPLOYMENT_TARGET = 26.5;
				LD_RUNPATH_SEARCH_PATHS = (
					"$(inherited)",
					"@executable_path/Frameworks",
					"@executable_path/../../Frameworks",
				);
				MARKETING_VERSION = 1.0;
				PRODUCT_BUNDLE_IDENTIFIER = cn.ksuser.bookkeeping.kkbookkeep.widget;
				PRODUCT_NAME = "$(TARGET_NAME)";
				SKIP_INSTALL = YES;
				STRING_CATALOG_GENERATE_SYMBOLS = YES;
				SWIFT_APPROACHABLE_CONCURRENCY = YES;
				SWIFT_EMIT_LOC_STRINGS = YES;
				SWIFT_UPCOMING_FEATURE_MEMBER_IMPORT_VISIBILITY = YES;
				SWIFT_VERSION = 5.0;
				TARGETED_DEVICE_FAMILY = "1,2";
			};
			name = Release;
		};
/* End XCBuildConfiguration section */

/* Begin XCConfigurationList section */
		69E803372FC9CBCC002A4EC1 /* Build configuration list for PBXProject "KsuserBookKeepingIOS" */ = {
			isa = XCConfigurationList;
			buildConfigurations = (
				69E803452FC9CBCD002A4EC1 /* Debug */,
				69E803462FC9CBCD002A4EC1 /* Release */,
			);
			defaultConfigurationIsVisible = 0;
			defaultConfigurationName = Release;
		};
		69E803472FC9CBCD002A4EC1 /* Build configuration list for PBXNativeTarget "KsuserBookKeepingIOS" */ = {
			isa = XCConfigurationList;
			buildConfigurations = (
				69E803482FC9CBCD002A4EC1 /* Debug */,
				69E803492FC9CBCD002A4EC1 /* Release */,
			);
			defaultConfigurationIsVisible = 0;
			defaultConfigurationName = Release;
		};
		69E804082FC9CBCC002A4EC1 /* Build configuration list for PBXNativeTarget "KsuserBookKeepingIOSTests" */ = {
			isa = XCConfigurationList;
			buildConfigurations = (
				69E804092FC9CBCC002A4EC1 /* Debug */,
				69E8040A2FC9CBCC002A4EC1 /* Release */,
			);
			defaultConfigurationIsVisible = 0;
			defaultConfigurationName = Release;
		};
		7A1000082FD0000000010001 /* Build configuration list for PBXNativeTarget "KsuserBookKeepingWidget" */ = {
			isa = XCConfigurationList;
			buildConfigurations = (
				7A1000092FD0000000010001 /* Debug */,
				7A10000A2FD0000000010001 /* Release */,
			);
			defaultConfigurationIsVisible = 0;
			defaultConfigurationName = Release;
		};
/* End XCConfigurationList section */
	};
	rootObject = 69E803342FC9CBCC002A4EC1 /* Project object */;
}
